schema: '2.0'
stages:
  download_v1:
    cmd: python scripts/download_v1.py
    deps:
    - path: scripts/download_v1.py
      hash: md5
      md5: 76c36b895bab759b3f4c820102174ccf
      size: 457
    outs:
    - path: data/raw/x_test.npy
      hash: md5
      md5: 7942b66f2197f22a8ed486c6bc205255
      size: 7840128
    - path: data/raw/x_train_v1.npy
      hash: md5
      md5: 6e5236d1fa7110b7d4c75d3822137908
      size: 47040128
    - path: data/raw/y_test.npy
      hash: md5
      md5: 3deb6f9de60479b947785b62051694b8
      size: 10128
    - path: data/raw/y_train_v1.npy
      hash: md5
      md5: 40b22dba779a1dffd8089edc7991f797
      size: 60128
  download_v2:
    cmd: python scripts/download_v2.py
    deps:
    - path: data/raw/x_train_v1.npy
      hash: md5
      md5: 6e5236d1fa7110b7d4c75d3822137908
      size: 47040128
    - path: data/raw/y_train_v1.npy
      hash: md5
      md5: 40b22dba779a1dffd8089edc7991f797
      size: 60128
    - path: scripts/download_v2.py
      hash: md5
      md5: 83f1463d7d0a3380f65bd99278a94964
      size: 551
    outs:
    - path: data/raw/x_train_v2.npy
      hash: md5
      md5: b7c1f1c27bf7f49845ff383a557567f8
      size: 784128
    - path: data/raw/y_train_v2.npy
      hash: md5
      md5: b0ccab896dfde982841a478771f20009
      size: 1128
  train_v1:
    cmd: python scripts/train.py --version v1
    deps:
    - path: data/raw/x_test.npy
      hash: md5
      md5: 7942b66f2197f22a8ed486c6bc205255
      size: 7840128
    - path: data/raw/x_train_v1.npy
      hash: md5
      md5: 6e5236d1fa7110b7d4c75d3822137908
      size: 47040128
    - path: data/raw/y_test.npy
      hash: md5
      md5: 3deb6f9de60479b947785b62051694b8
      size: 10128
    - path: data/raw/y_train_v1.npy
      hash: md5
      md5: 40b22dba779a1dffd8089edc7991f797
      size: 60128
    - path: scripts/train.py
      hash: md5
      md5: 3b2a15ffc70aa53bf047bc639c12d360
      size: 1998
    outs:
    - path: models/metrics_v1.json
      hash: md5
      md5: 455367a47616d27b57a52a8c53d92561
      size: 218
    - path: models/model_v1.npy
      hash: md5
      md5: fad61fcf6fe8b64686fefaa990cf2e3e
      size: 2406882
  train_v2:
    cmd: python scripts/train.py --version v2
    deps:
    - path: data/raw/x_test.npy
      hash: md5
      md5: 7942b66f2197f22a8ed486c6bc205255
      size: 7840128
    - path: data/raw/x_train_v2.npy
      hash: md5
      md5: b7c1f1c27bf7f49845ff383a557567f8
      size: 784128
    - path: data/raw/y_test.npy
      hash: md5
      md5: 3deb6f9de60479b947785b62051694b8
      size: 10128
    - path: data/raw/y_train_v2.npy
      hash: md5
      md5: b0ccab896dfde982841a478771f20009
      size: 1128
    - path: scripts/train.py
      hash: md5
      md5: 3b2a15ffc70aa53bf047bc639c12d360
      size: 1998
    outs:
    - path: models/metrics_v2.json
      hash: md5
      md5: 3de3a84759bd6843046ea17867d92009
      size: 217
    - path: models/model_v2.npy
      hash: md5
      md5: 0f38210d5da59e47c0fa9f44690c530c
      size: 488388
